Microsoft Visual Studio Solution File, Format Version 12.00
# Visual Studio 2012
Project("{FAE04EC0-301F-11D3-BF4B-00C04F79EFBC}") = "scpso", "scpso.csproj", "{24BB898A-E35D-4EB4-BF32-6E1C08DAEEAC}"
EndProject
Global
	GlobalSection(SolutionConfigurationPlatforms) = preSolution
	Debug|Any CPU = Debug|Any CPU
	ExportDebug|Any CPU = ExportDebug|Any CPU
	ExportRelease|Any CPU = ExportRelease|Any CPU
	EndGlobalSection
	GlobalSection(ProjectConfigurationPlatforms) = postSolution
		{24BB898A-E35D-4EB4-BF32-6E1C08DAEEAC}.Debug|Any CPU.ActiveCfg = Debug|Any CPU
		{24BB898A-E35D-4EB4-BF32-6E1C08DAEEAC}.Debug|Any CPU.Build.0 = Debug|Any CPU
		{24BB898A-E35D-4EB4-BF32-6E1C08DAEEAC}.ExportDebug|Any CPU.ActiveCfg = ExportDebug|Any CPU
		{24BB898A-E35D-4EB4-BF32-6E1C08DAEEAC}.ExportDebug|Any CPU.Build.0 = ExportDebug|Any CPU
		{24BB898A-E35D-4EB4-BF32-6E1C08DAEEAC}.ExportRelease|Any CPU.ActiveCfg = ExportRelease|Any CPU
		{24BB898A-E35D-4EB4-BF32-6E1C08DAEEAC}.ExportRelease|Any CPU.Build.0 = ExportRelease|Any CPU
	EndGlobalSection
EndGlobal
